// !$*UTF8*$!
{
	archiveVersion = 1;
	classes = {
	};
	objectVersion = 46;
	objects = {

/* Begin PBXBuildFile section */
		944D4BE91E260AF300126662 /* AppDelegate.swift in Sources */ = {isa = PBXBuildFile; fileRef = 944D4BE81E260AF300126662 /* AppDelegate.swift */; };
		944D4BEB1E260AF300126662 /* DrawingViewController.swift in Sources */ = {isa = PBXBuildFile; fileRef = 944D4BEA1E260AF300126662 /* DrawingViewController.swift */; };
		944D4BEE1E260AF300126662 /* Main.storyboard in Resources */ = {isa = PBXBuildFile; fileRef = 944D4BEC1E260AF300126662 /* Main.storyboard */; };
		944D4BF01E260AF300126662 /* Assets.xcassets in Resources */ = {isa = PBXBuildFile; fileRef = 944D4BEF1E260AF300126662 /* Assets.xcassets */; };
		944D4BF31E260AF300126662 /* LaunchScreen.storyboard in Resources */ = {isa = PBXBuildFile; fileRef = 944D4BF11E260AF300126662 /* LaunchScreen.storyboard */; };
		944D4BFB1E260E7800126662 /* SettingsViewController.swift in Sources */ = {isa = PBXBuildFile; fileRef = 944D4BFA1E260E7800126662 /* SettingsViewController.swift */; };
/* End PBXBuildFile section */

/* Begin PBXFileReference section */
		944D4BE51E260AF300126662 /* Simple Drawing.app */ = {isa = PBXFileReference; explicitFileType = wrapper.application; includeInIndex = 0; path = "Simple Drawing.app"; sourceTree = BUILT_PRODUCTS_DIR; };
		944D4BE81E260AF300126662 /* AppDelegate.swift */ = {isa = PBXFileReference; lastKnownFileType = sourcecode.swift; path = AppDelegate.swift; sourceTree = "<group>"; };
		944D4BEA1E260AF300126662 /* DrawingViewController.swift */ = {isa = PBXFileReference; lastKnownFileType = sourcecode.swift; path = DrawingViewController.swift; sourceTree = "<group>"; };
		944D4BED1E260AF300126662 /* Base */ = {isa = PBXFileReference; lastKnownFileType = file.storyboard; name = Base; path = Base.lproj/Main.storyboard; sourceTree = "<group>"; };
		944D4BEF1E260AF300126662 /* Assets.xcassets */ = {isa = PBXFileReference; lastKnownFileType = folder.assetcatalog; path = Assets.xcassets; sourceTree = "<group>"; };
		944D4BF21E260AF300126662 /* Base */ = {isa = PBXFileReference; lastKnownFileType = file.storyboard; name = Base; path = Base.lproj/LaunchScreen.storyboard; sourceTree = "<group>"; };
		944D4BF41E260AF300126662 /* Info.plist */ = {isa = PBXFileReference; lastKnownFileType = text.plist.xml; path = Info.plist; sourceTree = "<group>"; };
		944D4BFA1E260E7800126662 /* SettingsViewController.swift */ = {isa = PBXFileReference; fileEncoding = 4; lastKnownFileType = sourcecode.swift; path = SettingsViewController.swift; sourceTree = "<group>"; };
/* End PBXFileReference section */

/* Begin PBXFrameworksBuildPhase section */
		944D4BE21E260AF300126662 /* Frameworks */ = {
			isa = PBXFrameworksBuildPhase;
			buildActionMask = 2147483647;
			files = (
			);
			runOnlyForDeploymentPostprocessing = 0;
		};
/* End PBXFrameworksBuildPhase section */

/* Begin PBXGroup section */
		944D4BDC1E260AF300126662 = {
			isa = PBXGroup;
			children = (
				944D4BE71E260AF300126662 /* Simple Drawing */,
				944D4BE61E260AF300126662 /* Products */,
			);
			sourceTree = "<group>";
		};
		944D4BE61E260AF300126662 /* Products */ = {
			isa = PBXGroup;
			children = (
				944D4BE51E260AF300126662 /* Simple Drawing.app */,
			);
			name = Products;
			sourceTree = "<group>";
		};
		944D4BE71E260AF300126662 /* Simple Drawing */ = {
			isa = PBXGroup;
			children = (
				944D4BE81E260AF300126662 /* AppDelegate.swift */,
				944D4BEA1E260AF300126662 /* DrawingViewController.swift */,
				944D4BFA1E260E7800126662 /* SettingsViewController.swift */,
				944D4BEC1E260AF300126662 /* Main.storyboard */,
				944D4BEF1E260AF300126662 /* Assets.xcassets */,
				944D4BF11E260AF300126662 /* LaunchScreen.storyboard */,
				944D4BF41E260AF300126662 /* Info.plist */,
			);
			path = "Simple Drawing";
			sourceTree = "<group>";
		};
/* End PBXGroup section */

/* Begin PBXNativeTarget section */
		944D4BE41E260AF300126662 /* Simple Drawing */ = {
			isa = PBXNativeTarget;
			buildConfigurationList = 944D4BF71E260AF300126662 /* Build configuration list for PBXNativeTarget "Simple Drawing" */;
			buildPhases = (
				944D4BE11E260AF300126662 /* Sources */,
				944D4BE21E260AF300126662 /* Frameworks */,
				944D4BE31E260AF300126662 /* Resources */,
			);
			buildRules = (
			);
			dependencies = (
			);
			name = "Simple Drawing";
			productName = "Simple Drawing";
			productReference = 944D4BE51E260AF300126662 /* Simple Drawing.app */;
			productType = "com.apple.product-type.application";
		};
/* End PBXNativeTarget section */

/* Begin PBXProject section */
		944D4BDD1E260AF300126662 /* Project object */ = {
			isa = PBXProject;
			attributes = {
				LastSwiftUpdateCheck = 0820;
				LastUpgradeCheck = 0820;
				ORGANIZATIONNAME = "Mitesh Soni";
				TargetAttributes = {
					944D4BE41E260AF300126662 = {
						CreatedOnToolsVersion = 8.2.1;
						DevelopmentTeam = B9GM44XD79;
						ProvisioningStyle = Automatic;
					};
				};
			};
			buildConfigurationList = 944D4BE01E260AF300126662 /* Build configuration list for PBXProject "Simple Drawing" */;
			compatibilityVersion = "Xcode 3.2";
			developmentRegion = English;
			hasScannedForEncodings = 0;
			knownRegions = (
				en,
				Base,
			);
			mainGroup = 944D4BDC1E260AF300126662;
			productRefGroup = 944D4BE61E260AF300126662 /* Products */;
			projectDirPath = "";
			projectRoot = "";
			targets = (
				944D4BE41E260AF300126662 /* Simple Drawing */,
			);
		};
/* End PBXProject section */

/* Begin PBXResourcesBuildPhase section */
		944D4BE31E260AF300126662 /* Resources */ = {
			isa = PBXResourcesBuildPhase;
			buildActionMask = 2147483647;
			files = (
				944D4BF31E260AF300126662 /* LaunchScreen.storyboard in Resources */,
				944D4BF01E260AF300126662 /* Assets.xcassets in Resources */,
				944D4BEE1E260AF300126662 /* Main.storyboard in Resources */,
			);
			runOnlyForDeploymentPostprocessing = 0;
		};
/* End PBXResourcesBuildPhase section */

/* Begin PBXSourcesBuildPhase section */
		944D4BE11E260AF300126662 /* Sources */ = {
			isa = PBXSourcesBuildPhase;
			buildActionMask = 2147483647;
			files = (
				944D4BEB1E260AF300126662 /* DrawingViewController.swift in Sources */,
				944D4BE91E260AF300126662 /* AppDelegate.swift in Sources */,
				944D4BFB1E260E7800126662 /* SettingsViewController.swift in Sources */,
			);
			runOnlyForDeploymentPostprocessing = 0;
		};
/* End PBXSourcesBuildPhase section */

/* Begin PBXVariantGroup section */
		944D4BEC1E260AF300126662 /* Main.storyboard */ = {
			isa = PBXVariantGroup;
			children = (
				944D4BED1E260AF300126662 /* Base */,
			);
			name = Main.storyboard;
			sourceTree = "<group>";
		};
		944D4BF11E260AF300126662 /* LaunchScreen.storyboard */ = {
			isa = PBXVariantGroup;
			children = (
				944D4BF21E260AF300126662 /* Base */,
			);
			name = LaunchScreen.storyboard;
			sourceTree = "<group>";
		};
/* End PBXVariantGroup section */

/* Begin XCBuildConfiguration section */
		944D4BF51E260AF300126662 /* Debug */ = {
			isa = XCBuildConfiguration;
			buildSettings = {
				ALWAYS_SEARCH_USER_PATHS = NO;
				CLANG_ANALYZER_NONNULL = YES;
				CLANG_CXX_LANGUAGE_STANDARD = "gnu++0x";
				CLANG_CXX_LIBRARY = "libc++";
				CLANG_ENABLE_MODULES = YES;
				CLANG_ENABLE_OBJC_ARC = YES;
				CLANG_WARN_BOOL_CONVERSION = YES;
				CLANG_WARN_CONSTANT_CONVERSION = YES;
				CLANG_WARN_DIRECT_OBJC_ISA_USAGE = YES_ERROR;
				CLANG_WARN_DOCUMENTATION_COMMENTS = YES;
				CLANG_WARN_EMPTY_BODY = YES;
				CLANG_WARN_ENUM_CONVERSION = YES;
				CLANG_WARN_INFINITE_RECURSION = YES;
				CLANG_WARN_INT_CONVERSION = YES;
				CLANG_WARN_OBJC_ROOT_CLASS = YES_ERROR;
				CLANG_WARN_SUSPICIOUS_MOVE = YES;
				CLANG_WARN_UNREACHABLE_CODE = YES;
				CLANG_WARN__DUPLICATE_METHOD_MATCH = YES;
				"CODE_SIGN_IDENTITY[sdk=iphoneos*]" = "iPhone Developer";
				COPY_PHASE_STRIP = NO;
				DEBUG_INFORMATION_FORMAT = dwarf;
				ENABLE_STRICT_OBJC_MSGSEND = YES;
				ENABLE_TESTABILITY = YES;
				GCC_C_LANGUAGE_STANDARD = gnu99;
				GCC_DYNAMIC_NO_PIC = NO;
				GCC_NO_COMMON_BLOCKS = YES;
				GCC_OPTIMIZATION_LEVEL = 0;
				GCC_PREPROCESSOR_DEFINITIONS = (
					"DEBUG=1",
					"$(inherited)",
				);
				GCC_WARN_64_TO_32_BIT_CONVERSION = YES;
				GCC_WARN_ABOUT_RETURN_TYPE = YES_ERROR;
				GCC_WARN_UNDECLARED_SELECTOR = YES;
				GCC_WARN_UNINITIALIZED_AUTOS = YES_AGGRESSIVE;
				GCC_WARN_UNUSED_FUNCTION = YES;
				GCC_WARN_UNUSED_VARIABLE = YES;
				IPHONEOS_DEPLOYMENT_TARGET = 10.2;
				MTL_ENABLE_DEBUG_INFO = YES;
				ONLY_ACTIVE_ARCH = YES;
				SDKROOT = iphoneos;
				SWIFT_ACTIVE_COMPILATION_CONDITIONS = DEBUG;
				SWIFT_OPTIMIZATION_LEVEL = "-Onone";
			};
			name = Debug;
		};
		944D4BF61E260AF300126662 /* Release */ = {
			isa = XCBuildConfiguration;
			buildSettings = {
				ALWAYS_SEARCH_USER_PATHS = NO;
				CLANG_ANALYZER_NONNULL = YES;
				CLANG_CXX_LANGUAGE_STANDARD = "gnu++0x";
				CLANG_CXX_LIBRARY = "libc++";
				CLANG_ENABLE_MODULES = YES;
				CLANG_ENABLE_OBJC_ARC = YES;
				CLANG_WARN_BOOL_CONVERSION = YES;
				CLANG_WARN_CONSTANT_CONVERSION = YES;
				CLANG_WARN_DIRECT_OBJC_ISA_USAGE = YES_ERROR;
				CLANG_WARN_DOCUMENTATION_COMMENTS = YES;
				CLANG_WARN_EMPTY_BODY = YES;
				CLANG_WARN_ENUM_CONVERSION = YES;
				CLANG_WARN_INFINITE_RECURSION = YES;
				CLANG_WARN_INT_CONVERSION = YES;
				CLANG_WARN_OBJC_ROOT_CLASS = YES_ERROR;
				CLANG_WARN_SUSPICIOUS_MOVE = YES;
				CLANG_WARN_UNREACHABLE_CODE = YES;
				CLANG_WARN__DUPLICATE_METHOD_MATCH = YES;
				"CODE_SIGN_IDENTITY[sdk=iphoneos*]" = "iPhone Developer";
				COPY_PHASE_STRIP = NO;
				DEBUG_INFORMATION_FORMAT = "dwarf-with-dsym";
				ENABLE_NS_ASSERTIONS = NO;
				ENABLE_STRICT_OBJC_MSGSEND = YES;
				GCC_C_LANGUAGE_STANDARD = gnu99;
				GCC_NO_COMMON_BLOCKS = YES;
				GCC_WARN_64_TO_32_BIT_CONVERSION = YES;
				GCC_WARN_ABOUT_RETURN_TYPE = YES_ERROR;
				GCC_WARN_UNDECLARED_SELECTOR = YES;
				GCC_WARN_UNINITIALIZED_AUTOS = YES_AGGRESSIVE;
				GCC_WARN_UNUSED_FUNCTION = YES;
				GCC_WARN_UNUSED_VARIABLE = YES;
				IPHONEOS_DEPLOYMENT_TARGET = 10.2;
				MTL_ENABLE_DEBUG_INFO = NO;
				SDKROOT = iphoneos;
				SWIFT_OPTIMIZATION_LEVEL = "-Owholemodule";
				VALIDATE_PRODUCT = YES;
			};
			name = Release;
		};
		944D4BF81E260AF300126662 /* Debug */ = {
			isa = XCBuildConfiguration;
			buildSettings = {
				ASSETCATALOG_COMPILER_APPICON_NAME = AppIcon;
				DEVELOPMENT_TEAM = B9GM44XD79;
				INFOPLIST_FILE = "Simple Drawing/Info.plist";
				LD_RUNPATH_SEARCH_PATHS = "$(inherited) @executable_path/Frameworks";
				PRODUCT_BUNDLE_IDENTIFIER = "com.miteshsoni.Simple-Drawing";
				PRODUCT_NAME = "$(TARGET_NAME)";
				SWIFT_VERSION = 3.0;
			};
			name = Debug;
		};
		944D4BF91E260AF300126662 /* Release */ = {
			isa = XCBuildConfiguration;
			buildSettings = {
				ASSETCATALOG_COMPILER_APPICON_NAME = AppIcon;
				DEVELOPMENT_TEAM = B9GM44XD79;
				INFOPLIST_FILE = "Simple Drawing/Info.plist";
				LD_RUNPATH_SEARCH_PATHS = "$(inherited) @executable_path/Frameworks";
				PRODUCT_BUNDLE_IDENTIFIER = "com.miteshsoni.Simple-Drawing";
				PRODUCT_NAME = "$(TARGET_NAME)";
				SWIFT_VERSION = 3.0;
			};
			name = Release;
		};
/* End XCBuildConfiguration section */

/* Begin XCConfigurationList section */
		944D4BE01E260AF300126662 /* Build configuration list for PBXProject "Simple Drawing" */ = {
			isa = XCConfigurationList;
			buildConfigurations = (
				944D4BF51E260AF300126662 /* Debug */,
				944D4BF61E260AF300126662 /* Release */,
			);
			defaultConfigurationIsVisible = 0;
			defaultConfigurationName = Release;
		};
		944D4BF71E260AF300126662 /* Build configuration list for PBXNativeTarget "Simple Drawing" */ = {
			isa = XCConfigurationList;
			buildConfigurations = (
				944D4BF81E260AF300126662 /* Debug */,
				944D4BF91E260AF300126662 /* Release */,
			);
			defaultConfigurationIsVisible = 0;
		};
/* End XCConfigurationList section */
	};
	rootObject = 944D4BDD1E260AF300126662 /* Project object */;
}
